
Microsoft Visual Studio Solution File, Format Version 12.00
# Visual Studio Version 16
VisualStudioVersion = 16.0.30717.126
MinimumVisualStudioVersion = 10.0.40219.1
Project("{9A19103F-16F7-4668-BE54-9A1E7A4F7556}") = "Domain", "Domain\Domain.csproj", "{359B21EB-8088-4B94-84B6-8928D0FDE939}"
EndProject
Project("{9A19103F-16F7-4668-BE54-9A1E7A4F7556}") = "DataAccess", "DataAccess\DataAccess.csproj", "{78396805-4E46-4026-B788-147969F8D9C4}"
EndProject
Project("{9A19103F-16F7-4668-BE54-9A1E7A4F7556}") = "Application", "Application\Application.csproj", "{7ADDE3C8-8AE3-40C6-A47A-4AA9C06A39F7}"
EndProject
Project("{9A19103F-16F7-4668-BE54-9A1E7A4F7556}") = "WebApp", "WebApp\WebApp.csproj", "{AA086F77-6388-407D-B04D-2A92F958757D}"
EndProject
Project("{FAE04EC0-301F-11D3-BF4B-00C04F79EFBC}") = "Utils", "Utils\Utils.csproj", "{34181D7E-9216-42B6-A321-ED683F1C38A4}"
EndProject
Project("{FAE04EC0-301F-11D3-BF4B-00C04F79EFBC}") = "DomainServices.Interfaces", "DomainServices.Interfaces\DomainServices.Interfaces.csproj", "{0CD0A322-FBA4-4B08-B0D6-2C1F053F45DD}"
EndProject
Project("{FAE04EC0-301F-11D3-BF4B-00C04F79EFBC}") = "DomainServices.Implementation", "DomainServices.Implementation\DomainServices.Implementation.csproj", "{79E5F94F-C8A7-4BCD-867D-6C4CC1ABC92E}"
EndProject
Project("{2150E333-8FDC-42A3-9474-1A3956D46DE8}") = "Utils", "Utils", "{549A361B-384F-4EE1-A0F1-A488983B8F11}"
EndProject
Project("{2150E333-8FDC-42A3-9474-1A3956D46DE8}") = "Entities", "Entities", "{106625B1-C0E5-4398-A502-3E9CCACC01F6}"
EndProject
Project("{FAE04EC0-301F-11D3-BF4B-00C04F79EFBC}") = "DataAccess.Interfaces", "DataAccess.Interfaces\DataAccess.Interfaces.csproj", "{C7E5C541-AC51-4B02-A331-1E9A31C2DFAD}"
EndProject
Project("{FAE04EC0-301F-11D3-BF4B-00C04F79EFBC}") = "Email", "Email\Email.csproj", "{15076B92-F415-45BA-9973-23AAA495CD48}"
EndProject
Project("{2150E333-8FDC-42A3-9474-1A3956D46DE8}") = "Infrastructure.Interfaces", "Infrastructure.Interfaces", "{3D230313-A43F-41F0-B6C5-4B32787D7CA3}"
EndProject
Project("{2150E333-8FDC-42A3-9474-1A3956D46DE8}") = "Infrastructure.Implementation", "Infrastructure.Implementation", "{71B1B9B8-AC33-47EA-92DD-8FAD728F3D8F}"
EndProject
Project("{FAE04EC0-301F-11D3-BF4B-00C04F79EFBC}") = "Email.Interfaces", "Email.Interfaces\Email.Interfaces.csproj", "{ACF210FE-88D3-4295-ACDA-2B560DFBCD4A}"
EndProject
Project("{FAE04EC0-301F-11D3-BF4B-00C04F79EFBC}") = "WebApp.Interfaces", "WebApp.Interfaces\WebApp.Interfaces.csproj", "{C998D9E9-F680-418E-BB5F-B163F5A33CEA}"
EndProject
Global
	GlobalSection(SolutionConfigurationPlatforms) = preSolution
		Debug|Any CPU = Debug|Any CPU
		Release|Any CPU = Release|Any CPU
	EndGlobalSection
	GlobalSection(ProjectConfigurationPlatforms) = postSolution
		{359B21EB-8088-4B94-84B6-8928D0FDE939}.Debug|Any CPU.ActiveCfg = Debug|Any CPU
		{359B21EB-8088-4B94-84B6-8928D0FDE939}.Debug|Any CPU.Build.0 = Debug|Any CPU
		{359B21EB-8088-4B94-84B6-8928D0FDE939}.Release|Any CPU.ActiveCfg = Release|Any CPU
		{359B21EB-8088-4B94-84B6-8928D0FDE939}.Release|Any CPU.Build.0 = Release|Any CPU
		{78396805-4E46-4026-B788-147969F8D9C4}.Debug|Any CPU.ActiveCfg = Debug|Any CPU
		{78396805-4E46-4026-B788-147969F8D9C4}.Debug|Any CPU.Build.0 = Debug|Any CPU
		{78396805-4E46-4026-B788-147969F8D9C4}.Release|Any CPU.ActiveCfg = Release|Any CPU
		{78396805-4E46-4026-B788-147969F8D9C4}.Release|Any CPU.Build.0 = Release|Any CPU
		{7ADDE3C8-8AE3-40C6-A47A-4AA9C06A39F7}.Debug|Any CPU.ActiveCfg = Debug|Any CPU
		{7ADDE3C8-8AE3-40C6-A47A-4AA9C06A39F7}.Debug|Any CPU.Build.0 = Debug|Any CPU
		{7ADDE3C8-8AE3-40C6-A47A-4AA9C06A39F7}.Release|Any CPU.ActiveCfg = Release|Any CPU
		{7ADDE3C8-8AE3-40C6-A47A-4AA9C06A39F7}.Release|Any CPU.Build.0 = Release|Any CPU
		{AA086F77-6388-407D-B04D-2A92F958757D}.Debug|Any CPU.ActiveCfg = Debug|Any CPU
		{AA086F77-6388-407D-B04D-2A92F958757D}.Debug|Any CPU.Build.0 = Debug|Any CPU
		{AA086F77-6388-407D-B04D-2A92F958757D}.Release|Any CPU.ActiveCfg = Release|Any CPU
		{AA086F77-6388-407D-B04D-2A92F958757D}.Release|Any CPU.Build.0 = Release|Any CPU
		{34181D7E-9216-42B6-A321-ED683F1C38A4}.Debug|Any CPU.ActiveCfg = Debug|Any CPU
		{34181D7E-9216-42B6-A321-ED683F1C38A4}.Debug|Any CPU.Build.0 = Debug|Any CPU
		{34181D7E-9216-42B6-A321-ED683F1C38A4}.Release|Any CPU.ActiveCfg = Release|Any CPU
		{34181D7E-9216-42B6-A321-ED683F1C38A4}.Release|Any CPU.Build.0 = Release|Any CPU
		{0CD0A322-FBA4-4B08-B0D6-2C1F053F45DD}.Debug|Any CPU.ActiveCfg = Debug|Any CPU
		{0CD0A322-FBA4-4B08-B0D6-2C1F053F45DD}.Debug|Any CPU.Build.0 = Debug|Any CPU
		{0CD0A322-FBA4-4B08-B0D6-2C1F053F45DD}.Release|Any CPU.ActiveCfg = Release|Any CPU
		{0CD0A322-FBA4-4B08-B0D6-2C1F053F45DD}.Release|Any CPU.Build.0 = Release|Any CPU
		{79E5F94F-C8A7-4BCD-867D-6C4CC1ABC92E}.Debug|Any CPU.ActiveCfg = Debug|Any CPU
		{79E5F94F-C8A7-4BCD-867D-6C4CC1ABC92E}.Debug|Any CPU.Build.0 = Debug|Any CPU
		{79E5F94F-C8A7-4BCD-867D-6C4CC1ABC92E}.Release|Any CPU.ActiveCfg = Release|Any CPU
		{79E5F94F-C8A7-4BCD-867D-6C4CC1ABC92E}.Release|Any CPU.Build.0 = Release|Any CPU
		{C7E5C541-AC51-4B02-A331-1E9A31C2DFAD}.Debug|Any CPU.ActiveCfg = Debug|Any CPU
		{C7E5C541-AC51-4B02-A331-1E9A31C2DFAD}.Debug|Any CPU.Build.0 = Debug|Any CPU
		{C7E5C541-AC51-4B02-A331-1E9A31C2DFAD}.Release|Any CPU.ActiveCfg = Release|Any CPU
		{C7E5C541-AC51-4B02-A331-1E9A31C2DFAD}.Release|Any CPU.Build.0 = Release|Any CPU
		{15076B92-F415-45BA-9973-23AAA495CD48}.Debug|Any CPU.ActiveCfg = Debug|Any CPU
		{15076B92-F415-45BA-9973-23AAA495CD48}.Debug|Any CPU.Build.0 = Debug|Any CPU
		{15076B92-F415-45BA-9973-23AAA495CD48}.Release|Any CPU.ActiveCfg = Release|Any CPU
		{15076B92-F415-45BA-9973-23AAA495CD48}.Release|Any CPU.Build.0 = Release|Any CPU
		{ACF210FE-88D3-4295-ACDA-2B560DFBCD4A}.Debug|Any CPU.ActiveCfg = Debug|Any CPU
		{ACF210FE-88D3-4295-ACDA-2B560DFBCD4A}.Debug|Any CPU.Build.0 = Debug|Any CPU
		{ACF210FE-88D3-4295-ACDA-2B560DFBCD4A}.Release|Any CPU.ActiveCfg = Release|Any CPU
		{ACF210FE-88D3-4295-ACDA-2B560DFBCD4A}.Release|Any CPU.Build.0 = Release|Any CPU
		{C998D9E9-F680-418E-BB5F-B163F5A33CEA}.Debug|Any CPU.ActiveCfg = Debug|Any CPU
		{C998D9E9-F680-418E-BB5F-B163F5A33CEA}.Debug|Any CPU.Build.0 = Debug|Any CPU
		{C998D9E9-F680-418E-BB5F-B163F5A33CEA}.Release|Any CPU.ActiveCfg = Release|Any CPU
		{C998D9E9-F680-418E-BB5F-B163F5A33CEA}.Release|Any CPU.Build.0 = Release|Any CPU
	EndGlobalSection
	GlobalSection(SolutionProperties) = preSolution
		HideSolutionNode = FALSE
	EndGlobalSection
	GlobalSection(ExtensibilityGlobals) = postSolution
		SolutionGuid = {50EFF866-D6DB-445F-BF87-59AB69F37CF7}
	EndGlobalSection
	GlobalSection(NestedProjects) = preSolution
		{34181D7E-9216-42B6-A321-ED683F1C38A4} = {549A361B-384F-4EE1-A0F1-A488983B8F11}
		{359B21EB-8088-4B94-84B6-8928D0FDE939} = {106625B1-C0E5-4398-A502-3E9CCACC01F6}
		{79E5F94F-C8A7-4BCD-867D-6C4CC1ABC92E} = {106625B1-C0E5-4398-A502-3E9CCACC01F6}
		{0CD0A322-FBA4-4B08-B0D6-2C1F053F45DD} = {106625B1-C0E5-4398-A502-3E9CCACC01F6}
		{C7E5C541-AC51-4B02-A331-1E9A31C2DFAD} = {3D230313-A43F-41F0-B6C5-4B32787D7CA3}
		{78396805-4E46-4026-B788-147969F8D9C4} = {71B1B9B8-AC33-47EA-92DD-8FAD728F3D8F}
		{15076B92-F415-45BA-9973-23AAA495CD48} = {71B1B9B8-AC33-47EA-92DD-8FAD728F3D8F}
		{ACF210FE-88D3-4295-ACDA-2B560DFBCD4A} = {3D230313-A43F-41F0-B6C5-4B32787D7CA3}
		{C998D9E9-F680-418E-BB5F-B163F5A33CEA} = {3D230313-A43F-41F0-B6C5-4B32787D7CA3}
	EndGlobalSection
EndGlobal
